
Microsoft Visual Studio Solution File, Format Version 12.00
# Visual Studio Version 17
VisualStudioVersion = 17.3.32922.545
MinimumVisualStudioVersion = 10.0.40219.1
Project("{FAE04EC0-301F-11D3-BF4B-00C04F79EFBC}") = "Marafon skils", "Marafon skils\Marafon skils.csproj", "{35594B7F-9EA4-4276-8B00-136B13B526FA}"
EndProject
Global
	GlobalSection(SolutionConfigurationPlatforms) = preSolution
		Debug|Any CPU = Debug|Any CPU
		Release|Any CPU = Release|Any CPU
	EndGlobalSection
	GlobalSection(ProjectConfigurationPlatforms) = postSolution
		{35594B7F-9EA4-4276-8B00-136B13B526FA}.Debug|Any CPU.ActiveCfg = Debug|Any CPU
		{35594B7F-9EA4-4276-8B00-136B13B526FA}.Debug|Any CPU.Build.0 = Debug|Any CPU
		{35594B7F-9EA4-4276-8B00-136B13B526FA}.Release|Any CPU.ActiveCfg = Release|Any CPU
		{35594B7F-9EA4-4276-8B00-136B13B526FA}.Release|Any CPU.Build.0 = Release|Any CPU
	EndGlobalSection
	GlobalSection(SolutionProperties) = preSolution
		HideSolutionNode = FALSE
	EndGlobalSection
	GlobalSection(ExtensibilityGlobals) = postSolution
		SolutionGuid = {90F725BD-5D12-4A2A-8902-9162CA676319}
	EndGlobalSection
EndGlobal
